<?xml version="1.0" encoding="utf-8"?>
<Project ToolsVersion="4.0" xmlns="http://schemas.microsoft.com/developer/msbuild/2003">
  <ItemGroup>
    <ClCompile Include="..\main.cpp" />
    <ClCompile Include="..\source\lice_control.cpp">
      <Filter>source</Filter>
    </ClCompile>
    <ClCompile Include="..\source\utilfuncs.cpp">
      <Filter>source</Filter>
    </ClCompile>
    <ClCompile Include="..\source\reaper_action_helper.cpp">
      <Filter>source</Filter>
    </ClCompile>
    <ClCompile Include="..\source\reaper_function_helper.cpp">
      <Filter>source</Filter>
    </ClCompile>
    <ClCompile Include="..\source\reascriptgui.cpp">
      <Filter>source</Filter>
    </ClCompile>
    <ClCompile Include="..\source\mylicecontrols.cpp">
      <Filter>source</Filter>
    </ClCompile>
    <ClCompile Include="..\source\mrpwincontrols.cpp">
      <Filter>source</Filter>
    </ClCompile>
    <ClCompile Include="..\source\mrpwindows.cpp">
      <Filter>source</Filter>
    </ClCompile>
    <ClCompile Include="..\source\mrpexamplewindows.cpp">
      <Filter>source</Filter>
    </ClCompile>
    <ClCompile Include="..\source\mrp_pcm_source.cpp">
      <Filter>source</Filter>
    </ClCompile>
    <ClCompile Include="..\source\xendynamicprocessor.cpp">
      <Filter>source</Filter>
    </ClCompile>
    <ClCompile Include="..\..\WDL\WDL\lice\lice_textnew.cpp">
      <Filter>library\WDL\lice</Filter>
    </ClCompile>
    <ClCompile Include="..\..\WDL\WDL\lice\lice_line.cpp">
      <Filter>library\WDL\lice</Filter>
    </ClCompile>
    <ClCompile Include="..\..\WDL\WDL\lice\lice_arc.cpp">
      <Filter>library\WDL\lice</Filter>
    </ClCompile>
    <ClCompile Include="..\..\WDL\WDL\lice\lice.cpp">
      <Filter>library\WDL\lice</Filter>
    </ClCompile>
    <ClCompile Include="..\..\WDL\WDL\win32_utf8.c">
      <Filter>library\WDL</Filter>
    </ClCompile>
    <ClCompile Include="..\..\WDL\WDL\jnetlib\asyncdns.cpp">
      <Filter>library\WDL\jnetlib</Filter>
    </ClCompile>
    <ClCompile Include="..\..\WDL\WDL\jnetlib\connection.cpp">
      <Filter>library\WDL\jnetlib</Filter>
    </ClCompile>
    <ClCompile Include="..\..\WDL\WDL\jnetlib\httpget.cpp">
      <Filter>library\WDL\jnetlib</Filter>
    </ClCompile>
    <ClCompile Include="..\..\WDL\WDL\jnetlib\util.cpp">
      <Filter>library\WDL\jnetlib</Filter>
    </ClCompile>
    <ClCompile Include="..\..\WDL\WDL\jpeglib\jcapimin.c">
      <Filter>library\WDL\jpeg</Filter>
    </ClCompile>
    <ClCompile Include="..\..\WDL\WDL\jpeglib\jcapistd.c">
      <Filter>library\WDL\jpeg</Filter>
    </ClCompile>
    <ClCompile Include="..\..\WDL\WDL\jpeglib\jccoefct.c">
      <Filter>library\WDL\jpeg</Filter>
    </ClCompile>
    <ClCompile Include="..\..\WDL\WDL\jpeglib\jccolor.c">
      <Filter>library\WDL\jpeg</Filter>
    </ClCompile>
    <ClCompile Include="..\..\WDL\WDL\jpeglib\jcdctmgr.c">
      <Filter>library\WDL\jpeg</Filter>
    </ClCompile>
    <ClCompile Include="..\..\WDL\WDL\jpeglib\jchuff.c">
      <Filter>library\WDL\jpeg</Filter>
    </ClCompile>
    <ClCompile Include="..\..\WDL\WDL\jpeglib\jcinit.c">
      <Filter>library\WDL\jpeg</Filter>
    </ClCompile>
    <ClCompile Include="..\..\WDL\WDL\jpeglib\jcmainct.c">
      <Filter>library\WDL\jpeg</Filter>
    </ClCompile>
    <ClCompile Include="..\..\WDL\WDL\jpeglib\jcmarker.c">
      <Filter>library\WDL\jpeg</Filter>
    </ClCompile>
    <ClCompile Include="..\..\WDL\WDL\jpeglib\jcmaster.c">
      <Filter>library\WDL\jpeg</Filter>
    </ClCompile>
    <ClCompile Include="..\..\WDL\WDL\jpeglib\jcomapi.c">
      <Filter>library\WDL\jpeg</Filter>
    </ClCompile>
    <ClCompile Include="..\..\WDL\WDL\jpeglib\jcparam.c">
      <Filter>library\WDL\jpeg</Filter>
    </ClCompile>
    <ClCompile Include="..\..\WDL\WDL\jpeglib\jcphuff.c">
      <Filter>library\WDL\jpeg</Filter>
    </ClCompile>
    <ClCompile Include="..\..\WDL\WDL\jpeglib\jcprepct.c">
      <Filter>library\WDL\jpeg</Filter>
    </ClCompile>
    <ClCompile Include="..\..\WDL\WDL\jpeglib\jcsample.c">
      <Filter>library\WDL\jpeg</Filter>
    </ClCompile>
    <ClCompile Include="..\..\WDL\WDL\jpeglib\jctrans.c">
      <Filter>library\WDL\jpeg</Filter>
    </ClCompile>
    <ClCompile Include="..\..\WDL\WDL\jpeglib\jdapimin.c">
      <Filter>library\WDL\jpeg</Filter>
    </ClCompile>
    <ClCompile Include="..\..\WDL\WDL\jpeglib\jdapistd.c">
      <Filter>library\WDL\jpeg</Filter>
    </ClCompile>
    <ClCompile Include="..\..\WDL\WDL\jpeglib\jdatadst.c">
      <Filter>library\WDL\jpeg</Filter>
    </ClCompile>
    <ClCompile Include="..\..\WDL\WDL\jpeglib\jdatasrc.c">
      <Filter>library\WDL\jpeg</Filter>
    </ClCompile>
    <ClCompile Include="..\..\WDL\WDL\jpeglib\jdcoefct.c">
      <Filter>library\WDL\jpeg</Filter>
    </ClCompile>
    <ClCompile Include="..\..\WDL\WDL\jpeglib\jdcolor.c">
      <Filter>library\WDL\jpeg</Filter>
    </ClCompile>
    <ClCompile Include="..\..\WDL\WDL\jpeglib\jddctmgr.c">
      <Filter>library\WDL\jpeg</Filter>
    </ClCompile>
    <ClCompile Include="..\..\WDL\WDL\jpeglib\jdhuff.c">
      <Filter>library\WDL\jpeg</Filter>
    </ClCompile>
    <ClCompile Include="..\..\WDL\WDL\jpeglib\jdinput.c">
      <Filter>library\WDL\jpeg</Filter>
    </ClCompile>
    <ClCompile Include="..\..\WDL\WDL\jpeglib\jdmainct.c">
      <Filter>library\WDL\jpeg</Filter>
    </ClCompile>
    <ClCompile Include="..\..\WDL\WDL\jpeglib\jdmarker.c">
      <Filter>library\WDL\jpeg</Filter>
    </ClCompile>
    <ClCompile Include="..\..\WDL\WDL\jpeglib\jdmaster.c">
      <Filter>library\WDL\jpeg</Filter>
    </ClCompile>
    <ClCompile Include="..\..\WDL\WDL\jpeglib\jdmerge.c">
      <Filter>library\WDL\jpeg</Filter>
    </ClCompile>
    <ClCompile Include="..\..\WDL\WDL\jpeglib\jdphuff.c">
      <Filter>library\WDL\jpeg</Filter>
    </ClCompile>
    <ClCompile Include="..\..\WDL\WDL\jpeglib\jdpostct.c">
      <Filter>library\WDL\jpeg</Filter>
    </ClCompile>
    <ClCompile Include="..\..\WDL\WDL\jpeglib\jdsample.c">
      <Filter>library\WDL\jpeg</Filter>
    </ClCompile>
    <ClCompile Include="..\..\WDL\WDL\jpeglib\jdtrans.c">
      <Filter>library\WDL\jpeg</Filter>
    </ClCompile>
    <ClCompile Include="..\..\WDL\WDL\jpeglib\jerror.c">
      <Filter>library\WDL\jpeg</Filter>
    </ClCompile>
    <ClCompile Include="..\..\WDL\WDL\jpeglib\jfdctflt.c">
      <Filter>library\WDL\jpeg</Filter>
    </ClCompile>
    <ClCompile Include="..\..\WDL\WDL\jpeglib\jfdctfst.c">
      <Filter>library\WDL\jpeg</Filter>
    </ClCompile>
    <ClCompile Include="..\..\WDL\WDL\jpeglib\jfdctint.c">
      <Filter>library\WDL\jpeg</Filter>
    </ClCompile>
    <ClCompile Include="..\..\WDL\WDL\jpeglib\jidctflt.c">
      <Filter>library\WDL\jpeg</Filter>
    </ClCompile>
    <ClCompile Include="..\..\WDL\WDL\jpeglib\jidctfst.c">
      <Filter>library\WDL\jpeg</Filter>
    </ClCompile>
    <ClCompile Include="..\..\WDL\WDL\jpeglib\jidctint.c">
      <Filter>library\WDL\jpeg</Filter>
    </ClCompile>
    <ClCompile Include="..\..\WDL\WDL\jpeglib\jidctred.c">
      <Filter>library\WDL\jpeg</Filter>
    </ClCompile>
    <ClCompile Include="..\..\WDL\WDL\jpeglib\jmemmgr.c">
      <Filter>library\WDL\jpeg</Filter>
    </ClCompile>
    <ClCompile Include="..\..\WDL\WDL\jpeglib\jmemnobs.c">
      <Filter>library\WDL\jpeg</Filter>
    </ClCompile>
    <ClCompile Include="..\..\WDL\WDL\jpeglib\jquant1.c">
      <Filter>library\WDL\jpeg</Filter>
    </ClCompile>
    <ClCompile Include="..\..\WDL\WDL\jpeglib\jquant2.c">
      <Filter>library\WDL\jpeg</Filter>
    </ClCompile>
    <ClCompile Include="..\..\WDL\WDL\jpeglib\jutils.c">
      <Filter>library\WDL\jpeg</Filter>
    </ClCompile>
    <ClCompile Include="..\..\WDL\WDL\lice\lice_jpg.cpp">
      <Filter>library\WDL\lice</Filter>
    </ClCompile>
  </ItemGroup>
  <ItemGroup>
    <ClInclude Include="..\main.hpp" />
    <ClInclude Include="resource.h" />
    <ClInclude Include="..\reascript.hpp" />
    <ClInclude Include="..\header\lice_control.h">
      <Filter>header</Filter>
    </ClInclude>
    <ClInclude Include="..\header\utilfuncs.h">
      <Filter>header</Filter>
    </ClInclude>
    <ClInclude Include="..\header\reaper_action_helper.h">
      <Filter>header</Filter>
    </ClInclude>
    <ClInclude Include="..\header\reaper_function_helper.h">
      <Filter>header</Filter>
    </ClInclude>
    <ClInclude Include="..\library\reaper_plugin\reaper_plugin.h">
      <Filter>library\reaper_plugin</Filter>
    </ClInclude>
    <ClInclude Include="..\library\reaper_plugin\reaper_plugin_functions.h">
      <Filter>library\reaper_plugin</Filter>
    </ClInclude>
    <ClInclude Include="..\header\reascriptgui.h">
      <Filter>header</Filter>
    </ClInclude>
    <ClInclude Include="..\header\mylicecontrols.h">
      <Filter>header</Filter>
    </ClInclude>
    <ClInclude Include="..\header\mrpwincontrols.h">
      <Filter>header</Filter>
    </ClInclude>
    <ClInclude Include="..\header\mrpwindows.h">
      <Filter>header</Filter>
    </ClInclude>
    <ClInclude Include="..\header\mrpexamplewindows.h">
      <Filter>header</Filter>
    </ClInclude>
    <ClInclude Include="..\header\mrp_pcm_source.h">
      <Filter>header</Filter>
    </ClInclude>
    <ClInclude Include="..\header\xendynamicsprocessor.h">
      <Filter>header</Filter>
    </ClInclude>
    <ClInclude Include="..\library\picojson\picojson.h">
      <Filter>library\picojson</Filter>
    </ClInclude>
    <ClInclude Include="..\header\mrp_audioaccessor.h">
      <Filter>header</Filter>
    </ClInclude>
  </ItemGroup>
  <ItemGroup>
    <Filter Include="library">
      <UniqueIdentifier>{f65e63be-8272-45ea-bb7b-7a15a4bc5266}</UniqueIdentifier>
    </Filter>
    <Filter Include="source">
      <UniqueIdentifier>{ddd71e4a-517e-44c8-b65a-4082ab25643b}</UniqueIdentifier>
    </Filter>
    <Filter Include="library\reaper_plugin">
      <UniqueIdentifier>{ca810e52-9137-4367-9dfd-11015c3d9b28}</UniqueIdentifier>
    </Filter>
    <Filter Include="header">
      <UniqueIdentifier>{414ea627-63c3-494e-bd23-0bafa4cd2b5e}</UniqueIdentifier>
    </Filter>
    <Filter Include="library\WDL">
      <UniqueIdentifier>{1859dacd-5147-4310-af71-cb12105f4aba}</UniqueIdentifier>
    </Filter>
    <Filter Include="library\picojson">
      <UniqueIdentifier>{dd1ccf13-4657-4f82-bb35-fb8c277f45d6}</UniqueIdentifier>
    </Filter>
    <Filter Include="library\WDL\jnetlib">
      <UniqueIdentifier>{f99c046b-3a59-4e39-b07c-d5935f6afffc}</UniqueIdentifier>
    </Filter>
    <Filter Include="library\WDL\lice">
      <UniqueIdentifier>{da8ecdf5-15b1-42e5-a37f-e1e9631b023a}</UniqueIdentifier>
    </Filter>
    <Filter Include="library\WDL\jpeg">
      <UniqueIdentifier>{98da9eca-1ded-428f-8981-2ab44f179838}</UniqueIdentifier>
    </Filter>
  </ItemGroup>
</Project>